{
  "name": "keywich_desktop",
  "version": "0.3.0",
  "lockfileVersion": 3,
  "requires": true,
  "packages": {
    "": {
      "name": "keywich_desktop",
      "version": "0.3.0",
      "license": "ISC",
      "dependencies": {
        "@tauri-apps/plugin-clipboard-manager": "^2.3.2",
        "@tauri-apps/plugin-dialog": "^2.7.1",
        "@tauri-apps/plugin-fs": "^2.5.1",
        "@tauri-apps/plugin-shell": "^2.3.5"
      },
      "devDependencies": {
        "@tauri-apps/cli": "^2.11.0"
      }
    },
    "../node_modules/.pnpm/@tauri-apps+cli@2.11.0/node_modules/@tauri-apps/cli": {
      "version": "2.11.0",
      "dev": true,
      "license": "Apache-2.0 OR MIT",
      "bin": {
        "tauri": "tauri.js"
      },
      "devDependencies": {
        "@napi-rs/cli": "3.4.1",
        "@types/node": "^24.11.0",
        "cross-env": "10.1.0",
        "vitest": "^4.0.18"
      },
      "engines": {
        "node": ">= 10"
      },
      "funding": {
        "type": "opencollective",
        "url": "https://opencollective.com/tauri"
      },
      "optionalDependencies": {
        "@tauri-apps/cli-darwin-arm64": "2.11.0",
        "@tauri-apps/cli-darwin-x64": "2.11.0",
        "@tauri-apps/cli-linux-arm-gnueabihf": "2.11.0",
        "@tauri-apps/cli-linux-arm64-gnu": "2.11.0",
        "@tauri-apps/cli-linux-arm64-musl": "2.11.0",
        "@tauri-apps/cli-linux-riscv64-gnu": "2.11.0",
        "@tauri-apps/cli-linux-x64-gnu": "2.11.0",
        "@tauri-apps/cli-linux-x64-musl": "2.11.0",
        "@tauri-apps/cli-win32-arm64-msvc": "2.11.0",
        "@tauri-apps/cli-win32-ia32-msvc": "2.11.0",
        "@tauri-apps/cli-win32-x64-msvc": "2.11.0"
      }
    },
    "node_modules/@tauri-apps/api": {
      "version": "2.11.0",
      "resolved": "https://registry.npmjs.org/@tauri-apps/api/-/api-2.11.0.tgz",
      "integrity": "sha512-7CinYODhky9lmO23xHnUFv0Xt43fbtWMyxZcLcRBlFkcgXKuEirBvHpmtJ89YMhyeGcq20Wuc47Fa4XjyniywA==",
      "license": "Apache-2.0 OR MIT",
      "funding": {
        "type": "opencollective",
        "url": "https://opencollective.com/tauri"
      }
    },
    "node_modules/@tauri-apps/cli": {
      "resolved": "../node_modules/.pnpm/@tauri-apps+cli@2.11.0/node_modules/@tauri-apps/cli",
      "link": true
    },
    "node_modules/@tauri-apps/plugin-clipboard-manager": {
      "version": "2.3.2",
      "resolved": "https://registry.npmjs.org/@tauri-apps/plugin-clipboard-manager/-/plugin-clipboard-manager-2.3.2.tgz",
      "integrity": "sha512-CUlb5Hqi2oZbcZf4VUyUH53XWPPdtpw43EUpCza5HWZJwxEoDowFzNUDt1tRUXA8Uq+XPn17Ysfptip33sG4eQ==",
      "license": "MIT OR Apache-2.0",
      "dependencies": {
        "@tauri-apps/api": "^2.8.0"
      }
    },
    "node_modules/@tauri-apps/plugin-dialog": {
      "version": "2.7.1",
      "resolved": "https://registry.npmjs.org/@tauri-apps/plugin-dialog/-/plugin-dialog-2.7.1.tgz",
      "integrity": "sha512-OK1UBXYt+ojcmxMktzzuyonYIFta8CmAASpX+CA+DTGK24KlHjhYI6x2iOJ/TjZF4N7/ACK1oFmEOjIY9IhzOQ==",
      "license": "MIT OR Apache-2.0",
      "dependencies": {
        "@tauri-apps/api": "^2.11.0"
      }
    },
    "node_modules/@tauri-apps/plugin-fs": {
      "version": "2.5.1",
      "resolved": "https://registry.npmjs.org/@tauri-apps/plugin-fs/-/plugin-fs-2.5.1.tgz",
      "integrity": "sha512-9Lz+Jopp6QyeEWhlpkMx4R/+P9HgR+AVAI4vOZhlT8Xaymtz8iVI/Ov984/XTqgJz/5gz5NretqPB/XEMS3NhQ==",
      "license": "MIT OR Apache-2.0",
      "dependencies": {
        "@tauri-apps/api": "^2.11.0"
      }
    },
    "node_modules/@tauri-apps/plugin-shell": {
      "version": "2.3.5",
      "resolved": "https://registry.npmjs.org/@tauri-apps/plugin-shell/-/plugin-shell-2.3.5.tgz",
      "integrity": "sha512-jewtULhiQ7lI7+owCKAjc8tYLJr92U16bPOeAa472LHJdgaibLP83NcfAF2e+wkEcA53FxKQAZ7byDzs2eeizg==",
      "license": "MIT OR Apache-2.0",
      "dependencies": {
        "@tauri-apps/api": "^2.10.1"
      }
    }
  }
}
